
Microsoft Visual Studio Solution File, Format Version 12.00
# Visual Studio Version 16
VisualStudioVersion = 16.0.32228.343
MinimumVisualStudioVersion = 10.0.40219.1
Project("{FAE04EC0-301F-11D3-BF4B-00C04F79EFBC}") = "JWTOrnek", "JWTOrnek\JWTOrnek.csproj", "{A501CBD1-A655-44C8-AA22-E22D37008DF6}"
EndProject
Global
	GlobalSection(SolutionConfigurationPlatforms) = preSolution
		Debug|Any CPU = Debug|Any CPU
		Release|Any CPU = Release|Any CPU
	EndGlobalSection
	GlobalSection(ProjectConfigurationPlatforms) = postSolution
		{A501CBD1-A655-44C8-AA22-E22D37008DF6}.Debug|Any CPU.ActiveCfg = Debug|Any CPU
		{A501CBD1-A655-44C8-AA22-E22D37008DF6}.Debug|Any CPU.Build.0 = Debug|Any CPU
		{A501CBD1-A655-44C8-AA22-E22D37008DF6}.Release|Any CPU.ActiveCfg = Release|Any CPU
		{A501CBD1-A655-44C8-AA22-E22D37008DF6}.Release|Any CPU.Build.0 = Release|Any CPU
	EndGlobalSection
	GlobalSection(SolutionProperties) = preSolution
		HideSolutionNode = FALSE
	EndGlobalSection
	GlobalSection(ExtensibilityGlobals) = postSolution
		SolutionGuid = {730EA20C-5137-4892-9E29-B0011B2F9AD0}
	EndGlobalSection
EndGlobal
